
Microsoft Visual Studio Solution File, Format Version 12.00
# Visual Studio Version 16
VisualStudioVersion = 16.0.31729.503
MinimumVisualStudioVersion = 10.0.40219.1
Project("{9A19103F-16F7-4668-BE54-9A1E7A4F7556}") = "ProjectSpace", "ProjectSpace\ProjectSpace.csproj", "{AFBB6648-246E-4E11-966B-A3443772C0B0}"
EndProject
Project("{9A19103F-16F7-4668-BE54-9A1E7A4F7556}") = "HonasGame", "HonasGame\HonasGame\HonasGame.csproj", "{94F20CB2-E940-4240-AC55-773B610436B7}"
EndProject
Global
	GlobalSection(SolutionConfigurationPlatforms) = preSolution
		Debug|Any CPU = Debug|Any CPU
		Release|Any CPU = Release|Any CPU
	EndGlobalSection
	GlobalSection(ProjectConfigurationPlatforms) = postSolution
		{AFBB6648-246E-4E11-966B-A3443772C0B0}.Debug|Any CPU.ActiveCfg = Debug|Any CPU
		{AFBB6648-246E-4E11-966B-A3443772C0B0}.Debug|Any CPU.Build.0 = Debug|Any CPU
		{AFBB6648-246E-4E11-966B-A3443772C0B0}.Release|Any CPU.ActiveCfg = Release|Any CPU
		{AFBB6648-246E-4E11-966B-A3443772C0B0}.Release|Any CPU.Build.0 = Release|Any CPU
		{94F20CB2-E940-4240-AC55-773B610436B7}.Debug|Any CPU.ActiveCfg = Debug|Any CPU
		{94F20CB2-E940-4240-AC55-773B610436B7}.Debug|Any CPU.Build.0 = Debug|Any CPU
		{94F20CB2-E940-4240-AC55-773B610436B7}.Release|Any CPU.ActiveCfg = Release|Any CPU
		{94F20CB2-E940-4240-AC55-773B610436B7}.Release|Any CPU.Build.0 = Release|Any CPU
	EndGlobalSection
	GlobalSection(SolutionProperties) = preSolution
		HideSolutionNode = FALSE
	EndGlobalSection
	GlobalSection(ExtensibilityGlobals) = postSolution
		SolutionGuid = {97A7A3E1-E2A1-40A4-904E-AA254ADC1FCB}
	EndGlobalSection
EndGlobal
